
Microsoft Visual Studio Solution File, Format Version 12.00
# Visual Studio Version 16
VisualStudioVersion = 16.0.31229.75
MinimumVisualStudioVersion = 10.0.40219.1
Project("{FAE04EC0-301F-11D3-BF4B-00C04F79EFBC}") = "Deliverable2", "Deliverable2\Deliverable2.csproj", "{15372F91-87DA-4711-885A-98FE43C9BBFD}"
EndProject
Global
	GlobalSection(SolutionConfigurationPlatforms) = preSolution
		Debug|Any CPU = Debug|Any CPU
		Release|Any CPU = Release|Any CPU
	EndGlobalSection
	GlobalSection(ProjectConfigurationPlatforms) = postSolution
		{15372F91-87DA-4711-885A-98FE43C9BBFD}.Debug|Any CPU.ActiveCfg = Debug|Any CPU
		{15372F91-87DA-4711-885A-98FE43C9BBFD}.Debug|Any CPU.Build.0 = Debug|Any CPU
		{15372F91-87DA-4711-885A-98FE43C9BBFD}.Release|Any CPU.ActiveCfg = Release|Any CPU
		{15372F91-87DA-4711-885A-98FE43C9BBFD}.Release|Any CPU.Build.0 = Release|Any CPU
	EndGlobalSection
	GlobalSection(SolutionProperties) = preSolution
		HideSolutionNode = FALSE
	EndGlobalSection
	GlobalSection(ExtensibilityGlobals) = postSolution
		SolutionGuid = {299CF133-E27E-413A-B32A-FC8F01907CB5}
	EndGlobalSection
EndGlobal
